{
    "name": "fixture/cakephp-crud-search",
    "packages": [
        {
            "name": "cakephp/cakephp",
            "version": "5.4.2"
        },
        {
            "name": "friendsofcake/crud",
            "version": "7.2.1"
        },
        {
            "name": "friendsofcake/search",
            "version": "7.9.0"
        }
    ],
    "packages-dev": []
}
