{
    "name": "fixture/cakephp-crud-authorization",
    "packages": [
        {
            "name": "cakephp/cakephp",
            "version": "5.4.2"
        },
        {
            "name": "friendsofcake/crud",
            "version": "7.9.0"
        },
        {
            "name": "cakephp/authorization",
            "version": "3.4.0"
        }
    ],
    "packages-dev": []
}
