{
    "name": "fixture/cakephp-auth-both",
    "packages": [
        {
            "name": "cakephp/cakephp",
            "version": "5.4.2"
        },
        {
            "name": "cakephp/authentication",
            "version": "4.2.1"
        },
        {
            "name": "cakephp/authorization",
            "version": "3.5.3"
        }
    ],
    "packages-dev": []
}
